PODS:
  - Agrume (5.8.4):
    - SwiftyGif
  - DJI-SDK-iOS (4.16.1)
  - DJI-UXSDK-iOS (4.16)
  - DJIWidget (1.6.7)
  - DronelinkCore (4.1.0)
  - DronelinkCoreUI (4.1.0):
    - Agrume (~> 5.8.0)
    - DronelinkCore (~> 4.1.0)
    - IQKeyboardManager (~> 6.5.6)
    - Kingfisher (~> 7.1.0)
    - Mapbox-iOS-SDK (~> 6.4.0)
    - MarqueeLabel (~> 4.3.0)
    - MaterialComponents/ActivityIndicator (~> 124.2.0)
    - MaterialComponents/Buttons (~> 124.2.0)
    - "MaterialComponents/Buttons+Theming (~> 124.2.0)"
    - MaterialComponents/Dialogs (~> 124.2.0)
    - "MaterialComponents/Dialogs+Theming (~> 124.2.0)"
    - MaterialComponents/Palettes (~> 124.2.0)
    - MaterialComponents/ProgressView (~> 124.2.0)
    - MaterialComponents/Snackbar (~> 124.2.0)
    - MaterialComponents/TextFields (~> 124.2.0)
    - MicrosoftMapsSDK (~> 1.2.0)
    - SnapKit (~> 5.0.1)
    - SwiftyUserDefaults (~> 5.3.0)
  - DronelinkDJI (4.1.0):
    - DJI-SDK-iOS (~> 4.16.1)
    - DronelinkCore (~> 4.1.0)
  - DronelinkDJIUI (4.1.0):
    - DJI-SDK-iOS (~> 4.16.1)
    - DJI-UXSDK-iOS (~> 4.14)
    - DJIWidget (~> 1.6.7)
    - DronelinkCore (~> 4.1.0)
    - DronelinkCoreUI (~> 4.1.0)
    - DronelinkDJI (~> 4.1.0)
    - MaterialComponents/Palettes (~> 124.2.0)
    - SnapKit (~> 5.0.1)
    - SwiftyUserDefaults (~> 5.3.0)
  - IQKeyboardManager (6.5.10)
  - Kingfisher (7.1.2)
  - Mapbox-iOS-SDK (6.4.1):
    - MapboxMobileEvents (~> 0.10.12)
  - MapboxMobileEvents (0.10.14)
  - MarqueeLabel (4.3.0)
  - MaterialComponents/ActivityIndicator (124.2.0):
    - MaterialComponents/Palettes
    - MaterialComponents/private/Application
    - MDFInternationalization
    - MotionAnimator (~> 4.0)
  - MaterialComponents/AnimationTiming (124.2.0)
  - MaterialComponents/Availability (124.2.0)
  - MaterialComponents/Buttons (124.2.0):
    - MaterialComponents/Elevation
    - MaterialComponents/Ink
    - MaterialComponents/private/Math
    - MaterialComponents/Ripple
    - MaterialComponents/Shadow
    - MaterialComponents/ShadowElevations
    - MaterialComponents/ShadowLayer
    - MaterialComponents/ShapeLibrary
    - MaterialComponents/Shapes
    - MaterialComponents/Typography
    - MDFInternationalization
    - MDFTextAccessibility
  - "MaterialComponents/Buttons+ColorThemer (124.2.0)":
    - MaterialComponents/Buttons
    - MaterialComponents/schemes/Color
  - "MaterialComponents/Buttons+ShapeThemer (124.2.0)":
    - MaterialComponents/Buttons
    - MaterialComponents/schemes/Shape
  - "MaterialComponents/Buttons+Theming (124.2.0)":
    - MaterialComponents/Buttons
    - "MaterialComponents/Buttons+ColorThemer"
    - "MaterialComponents/Buttons+ShapeThemer"
    - "MaterialComponents/Buttons+TypographyThemer"
    - MaterialComponents/schemes/Container
    - MaterialComponents/ShadowElevations
  - "MaterialComponents/Buttons+TypographyThemer (124.2.0)":
    - MaterialComponents/Buttons
    - MaterialComponents/schemes/Typography
  - MaterialComponents/Dialogs (124.2.0):
    - MaterialComponents/Buttons
    - MaterialComponents/Elevation
    - MaterialComponents/private/KeyboardWatcher
    - MaterialComponents/private/Math
    - MaterialComponents/ShadowElevations
    - MaterialComponents/ShadowLayer
    - MaterialComponents/Typography
    - MDFInternationalization
  - "MaterialComponents/Dialogs+ColorThemer (124.2.0)":
    - "MaterialComponents/Buttons+ColorThemer"
    - MaterialComponents/Dialogs
    - MaterialComponents/Themes
  - "MaterialComponents/Dialogs+Theming (124.2.0)":
    - "MaterialComponents/Buttons+Theming"
    - MaterialComponents/Dialogs
    - "MaterialComponents/Dialogs+ColorThemer"
    - "MaterialComponents/Dialogs+TypographyThemer"
    - MaterialComponents/schemes/Container
    - MaterialComponents/ShadowElevations
  - "MaterialComponents/Dialogs+TypographyThemer (124.2.0)":
    - "MaterialComponents/Buttons+TypographyThemer"
    - MaterialComponents/Dialogs
    - MaterialComponents/schemes/Typography
  - MaterialComponents/Elevation (124.2.0):
    - MaterialComponents/Availability
    - MaterialComponents/private/Color
    - MaterialComponents/private/Math
  - MaterialComponents/Ink (124.2.0):
    - MaterialComponents/Availability
    - MaterialComponents/private/Color
    - MaterialComponents/private/Math
  - MaterialComponents/OverlayWindow (124.2.0):
    - MaterialComponents/Availability
    - MaterialComponents/private/Application
  - MaterialComponents/Palettes (124.2.0)
  - MaterialComponents/private/Application (124.2.0)
  - MaterialComponents/private/Color (124.2.0):
    - MaterialComponents/Availability
  - MaterialComponents/private/KeyboardWatcher (124.2.0):
    - MaterialComponents/private/Application
  - MaterialComponents/private/Math (124.2.0)
  - MaterialComponents/private/Overlay (124.2.0)
  - MaterialComponents/ProgressView (124.2.0):
    - MaterialComponents/Palettes
    - MaterialComponents/private/Math
    - MDFInternationalization
  - MaterialComponents/Ripple (124.2.0):
    - MaterialComponents/AnimationTiming
    - MaterialComponents/Availability
    - MaterialComponents/private/Color
    - MaterialComponents/private/Math
  - MaterialComponents/schemes/Color (124.2.0):
    - MaterialComponents/Availability
    - MaterialComponents/private/Color
  - MaterialComponents/schemes/Container (124.2.0):
    - MaterialComponents/schemes/Color
    - MaterialComponents/schemes/Shape
    - MaterialComponents/schemes/Typography
  - MaterialComponents/schemes/Shape (124.2.0):
    - MaterialComponents/ShapeLibrary
    - MaterialComponents/Shapes
  - MaterialComponents/schemes/Typography (124.2.0):
    - "MaterialComponents/schemes/Typography+BasicFontScheme"
    - "MaterialComponents/schemes/Typography+Scheming"
    - MaterialComponents/Typography
  - "MaterialComponents/schemes/Typography+BasicFontScheme (124.2.0)"
  - "MaterialComponents/schemes/Typography+Scheming (124.2.0)"
  - MaterialComponents/Shadow (124.2.0):
    - MaterialComponents/Availability
  - MaterialComponents/ShadowElevations (124.2.0)
  - MaterialComponents/ShadowLayer (124.2.0):
    - MaterialComponents/ShadowElevations
  - MaterialComponents/ShapeLibrary (124.2.0):
    - MaterialComponents/private/Math
    - MaterialComponents/Shapes
  - MaterialComponents/Shapes (124.2.0):
    - MaterialComponents/private/Color
    - MaterialComponents/private/Math
    - MaterialComponents/ShadowLayer
  - MaterialComponents/Snackbar (124.2.0):
    - MaterialComponents/AnimationTiming
    - MaterialComponents/Availability
    - MaterialComponents/Buttons
    - MaterialComponents/Elevation
    - MaterialComponents/OverlayWindow
    - MaterialComponents/private/Application
    - MaterialComponents/private/KeyboardWatcher
    - MaterialComponents/private/Math
    - MaterialComponents/private/Overlay
    - MaterialComponents/ShadowElevations
    - MaterialComponents/ShadowLayer
    - MaterialComponents/Typography
  - MaterialComponents/TextFields (124.2.0):
    - MaterialComponents/AnimationTiming
    - MaterialComponents/Buttons
    - MaterialComponents/Elevation
    - MaterialComponents/Palettes
    - MaterialComponents/private/Math
    - MaterialComponents/Typography
    - MDFInternationalization
  - MaterialComponents/Themes (124.2.0):
    - MaterialComponents/schemes/Color
    - MaterialComponents/schemes/Typography
  - MaterialComponents/Typography (124.2.0):
    - MaterialComponents/private/Application
    - MaterialComponents/private/Math
    - MDFTextAccessibility
  - MDFInternationalization (3.0.0)
  - MDFTextAccessibility (2.0.1)
  - MicrosoftMapsSDK (1.2.0)
  - MotionAnimator (4.0.1):
    - MotionInterchange (~> 3.0)
  - MotionInterchange (3.0.0)
  - SnapKit (5.0.1)
  - SwiftyGif (5.4.3)
  - SwiftyUserDefaults (5.3.0)

DEPENDENCIES:
  - DronelinkCore (~> 4.1.0)
  - DronelinkCoreUI (from `https://github.com/dronelink/dronelink-core-ui-ios.git`, tag `4.1.0`)
  - DronelinkDJI (~> 4.1.0)
  - DronelinkDJIUI (from `https://github.com/dronelink/dronelink-dji-ui-ios.git`, tag `4.1.0`)

SPEC REPOS:
  trunk:
    - Agrume
    - DJI-SDK-iOS
    - DJI-UXSDK-iOS
    - DJIWidget
    - DronelinkCore
    - DronelinkDJI
    - IQKeyboardManager
    - Kingfisher
    - Mapbox-iOS-SDK
    - MapboxMobileEvents
    - MarqueeLabel
    - MaterialComponents
    - MDFInternationalization
    - MDFTextAccessibility
    - MicrosoftMapsSDK
    - MotionAnimator
    - MotionInterchange
    - SnapKit
    - SwiftyGif
    - SwiftyUserDefaults

EXTERNAL SOURCES:
  DronelinkCoreUI:
    :git: https://github.com/dronelink/dronelink-core-ui-ios.git
    :tag: 4.1.0
  DronelinkDJIUI:
    :git: https://github.com/dronelink/dronelink-dji-ui-ios.git
    :tag: 4.1.0

CHECKOUT OPTIONS:
  DronelinkCoreUI:
    :git: https://github.com/dronelink/dronelink-core-ui-ios.git
    :tag: 4.1.0
  DronelinkDJIUI:
    :git: https://github.com/dronelink/dronelink-dji-ui-ios.git
    :tag: 4.1.0

SPEC CHECKSUMS:
  Agrume: 7c726bddf365f92424d38ce90a906cd4cdd49334
  DJI-SDK-iOS: 0da4b3c60b12070ca18cda7bccc29fbb99977d27
  DJI-UXSDK-iOS: d9f9b0ce3eed694254e41e078f0592b48924c59e
  DJIWidget: b4fccba37ee1b29952d67ccaaaa4558ae9df1ca6
  DronelinkCore: 92e1d5b74327f74665f9e5d23289f27595978718
  DronelinkCoreUI: f68c251afca3fec361e5739d02ea0dd0d8848f90
  DronelinkDJI: c54ff2905fa874c7cc7edb96edb5cc57dd5e0502
  DronelinkDJIUI: 7654dab79a2ed4855dc45bd9eeaaabae2f72f202
  IQKeyboardManager: 45a1fa55c1a5b02c61ac0fd7fd5b62bb4ad20d97
  Kingfisher: 44ed6a8504763f27bab46163adfac83f5deb240c
  Mapbox-iOS-SDK: f870f83cbdc7aa4a74afcee143aafb0dae390c82
  MapboxMobileEvents: 5a172cc9bbf8ac0e45ba86095cbee685ede248cc
  MarqueeLabel: 02f5ac8fd6877c94564556cb93fa86c70c08baeb
  MaterialComponents: 1a9b2d9d45b1601ae544de85089adc4c464306d4
  MDFInternationalization: d697c55307816222a55685c4ccb1044ffb030c12
  MDFTextAccessibility: f4bb4cc2194286651b59a215fdeaa0e05dc90ba5
  MicrosoftMapsSDK: c914b8c87b978d4665a00a5515bd35a43993429d
  MotionAnimator: 5f99d7c9592928c0f28a66283eda9c3b657dc480
  MotionInterchange: 13adae439b377e31d1674cc165539d50e1d1566a
  SnapKit: 97b92857e3df3a0c71833cce143274bf6ef8e5eb
  SwiftyGif: 6c3eafd0ce693cad58bb63d2b2fb9bacb8552780
  SwiftyUserDefaults: 63f80248cf5bfb3458825d9a78f2eb7e1293a040

PODFILE CHECKSUM: 46a3071ac6d1deb9ad1acf0647352a394c196af9

COCOAPODS: 1.11.2
