PODS:
  - DJI-SDK-iOS (4.11.2)
  - DJI-UXSDK-iOS (4.11.1):
    - DJI-UXSDK-iOS/Core (= 4.11.1)
  - DJI-UXSDK-iOS/Core (4.11.1)
  - DJIWidget (1.6.2)
  - DronelinkCore (1.4.0)
  - DronelinkCoreUI (1.2.0):
    - DronelinkCore (~> 1.4.0)
    - Mapbox-iOS-SDK (~> 5.7.0)
    - MaterialComponents/ActivityIndicator (~> 107.4.0)
    - MaterialComponents/Buttons (~> 107.4.0)
    - "MaterialComponents/Buttons+Theming (~> 107.4.0)"
    - MaterialComponents/Dialogs (~> 107.4.0)
    - "MaterialComponents/Dialogs+Theming (~> 107.4.0)"
    - MaterialComponents/Palettes (~> 107.4.0)
    - MaterialComponents/ProgressView (~> 107.4.0)
    - MaterialComponents/Snackbar (~> 107.4.0)
    - MaterialComponents/TextFields (~> 107.4.0)
    - SnapKit (~> 5.0.1)
  - DronelinkDJI (1.4.0):
    - DJI-SDK-iOS (~> 4.11.2)
    - DronelinkCore (~> 1.4.0)
  - DronelinkDJIUI (1.2.0):
    - DJI-SDK-iOS (~> 4.11.2)
    - DJI-UXSDK-iOS (~> 4.11.1)
    - DJIWidget (~> 1.6.2)
    - DronelinkCore (~> 1.4.0)
    - DronelinkCoreUI (~> 1.2.0)
    - DronelinkDJI (~> 1.4.0)
    - MaterialComponents/Palettes (~> 107.4.0)
    - SnapKit (~> 5.0.1)
  - Mapbox-iOS-SDK (5.7.0):
    - MapboxMobileEvents (= 0.10.2)
  - MapboxMobileEvents (0.10.2)
  - MaterialComponents/ActivityIndicator (107.4.0):
    - MaterialComponents/Palettes
    - MaterialComponents/private/Application
    - MDFInternationalization
    - MotionAnimator (~> 2.0)
  - MaterialComponents/AnimationTiming (107.4.0)
  - MaterialComponents/Availability (107.4.0)
  - MaterialComponents/Buttons (107.4.0):
    - MaterialComponents/Elevation
    - MaterialComponents/Ink
    - MaterialComponents/private/Math
    - MaterialComponents/Ripple
    - MaterialComponents/ShadowElevations
    - MaterialComponents/ShadowLayer
    - MaterialComponents/Shapes
    - MaterialComponents/Typography
    - MDFInternationalization
    - MDFTextAccessibility
  - "MaterialComponents/Buttons+ColorThemer (107.4.0)":
    - MaterialComponents/Buttons
    - MaterialComponents/schemes/Color
  - "MaterialComponents/Buttons+ShapeThemer (107.4.0)":
    - MaterialComponents/Buttons
    - MaterialComponents/schemes/Shape
  - "MaterialComponents/Buttons+Theming (107.4.0)":
    - MaterialComponents/Buttons
    - "MaterialComponents/Buttons+ColorThemer"
    - "MaterialComponents/Buttons+ShapeThemer"
    - "MaterialComponents/Buttons+TypographyThemer"
    - MaterialComponents/schemes/Container
    - MaterialComponents/ShadowElevations
  - "MaterialComponents/Buttons+TypographyThemer (107.4.0)":
    - MaterialComponents/Buttons
    - MaterialComponents/schemes/Typography
  - MaterialComponents/Dialogs (107.4.0):
    - MaterialComponents/Buttons
    - MaterialComponents/Elevation
    - MaterialComponents/private/KeyboardWatcher
    - MaterialComponents/private/Math
    - MaterialComponents/ShadowElevations
    - MaterialComponents/ShadowLayer
    - MaterialComponents/Typography
    - MDFInternationalization
  - "MaterialComponents/Dialogs+ColorThemer (107.4.0)":
    - "MaterialComponents/Buttons+ColorThemer"
    - MaterialComponents/Dialogs
    - MaterialComponents/Themes
  - "MaterialComponents/Dialogs+Theming (107.4.0)":
    - "MaterialComponents/Buttons+Theming"
    - MaterialComponents/Dialogs
    - "MaterialComponents/Dialogs+ColorThemer"
    - "MaterialComponents/Dialogs+TypographyThemer"
    - MaterialComponents/schemes/Container
    - MaterialComponents/ShadowElevations
  - "MaterialComponents/Dialogs+TypographyThemer (107.4.0)":
    - "MaterialComponents/Buttons+TypographyThemer"
    - MaterialComponents/Dialogs
    - MaterialComponents/schemes/Typography
  - MaterialComponents/Elevation (107.4.0):
    - MaterialComponents/Availability
    - MaterialComponents/private/Color
    - MaterialComponents/private/Math
  - MaterialComponents/Ink (107.4.0):
    - MaterialComponents/Availability
    - MaterialComponents/private/Color
    - MaterialComponents/private/Math
  - MaterialComponents/OverlayWindow (107.4.0):
    - MaterialComponents/Availability
    - MaterialComponents/private/Application
  - MaterialComponents/Palettes (107.4.0)
  - MaterialComponents/private/Application (107.4.0)
  - MaterialComponents/private/Color (107.4.0):
    - MaterialComponents/Availability
  - MaterialComponents/private/KeyboardWatcher (107.4.0):
    - MaterialComponents/private/Application
  - MaterialComponents/private/Math (107.4.0)
  - MaterialComponents/private/Overlay (107.4.0)
  - MaterialComponents/ProgressView (107.4.0):
    - MaterialComponents/Palettes
    - MaterialComponents/private/Math
    - MDFInternationalization
  - MaterialComponents/Ripple (107.4.0):
    - MaterialComponents/AnimationTiming
    - MaterialComponents/Availability
    - MaterialComponents/private/Color
    - MaterialComponents/private/Math
  - MaterialComponents/schemes/Color (107.4.0):
    - MaterialComponents/Availability
    - MaterialComponents/private/Color
  - MaterialComponents/schemes/Container (107.4.0):
    - MaterialComponents/schemes/Color
    - MaterialComponents/schemes/Shape
    - MaterialComponents/schemes/Typography
  - MaterialComponents/schemes/Shape (107.4.0):
    - MaterialComponents/ShapeLibrary
    - MaterialComponents/Shapes
  - MaterialComponents/schemes/Typography (107.4.0):
    - "MaterialComponents/schemes/Typography+BasicFontScheme"
    - "MaterialComponents/schemes/Typography+Scheming"
    - MaterialComponents/Typography
  - "MaterialComponents/schemes/Typography+BasicFontScheme (107.4.0)"
  - "MaterialComponents/schemes/Typography+Scheming (107.4.0)"
  - MaterialComponents/ShadowElevations (107.4.0)
  - MaterialComponents/ShadowLayer (107.4.0):
    - MaterialComponents/ShadowElevations
  - MaterialComponents/ShapeLibrary (107.4.0):
    - MaterialComponents/private/Math
    - MaterialComponents/Shapes
  - MaterialComponents/Shapes (107.4.0):
    - MaterialComponents/private/Color
    - MaterialComponents/private/Math
    - MaterialComponents/ShadowLayer
  - MaterialComponents/Snackbar (107.4.0):
    - MaterialComponents/AnimationTiming
    - MaterialComponents/Availability
    - MaterialComponents/Buttons
    - MaterialComponents/Elevation
    - MaterialComponents/OverlayWindow
    - MaterialComponents/private/Application
    - MaterialComponents/private/KeyboardWatcher
    - MaterialComponents/private/Math
    - MaterialComponents/private/Overlay
    - MaterialComponents/ShadowElevations
    - MaterialComponents/ShadowLayer
    - MaterialComponents/Typography
  - MaterialComponents/TextFields (107.4.0):
    - MaterialComponents/AnimationTiming
    - MaterialComponents/Buttons
    - MaterialComponents/Elevation
    - MaterialComponents/Palettes
    - MaterialComponents/private/Math
    - MaterialComponents/Typography
    - MDFInternationalization
  - MaterialComponents/Themes (107.4.0):
    - MaterialComponents/schemes/Color
    - MaterialComponents/schemes/Typography
  - MaterialComponents/Typography (107.4.0):
    - MaterialComponents/private/Application
    - MaterialComponents/private/Math
  - MDFInternationalization (2.0.0)
  - MDFTextAccessibility (2.0.0)
  - MotionAnimator (2.8.1):
    - MotionInterchange (~> 1.6)
  - MotionInterchange (1.6.0)
  - SnapKit (5.0.1)

DEPENDENCIES:
  - DronelinkDJIUI (~> 1.2.0)

SPEC REPOS:
  trunk:
    - DJI-SDK-iOS
    - DJI-UXSDK-iOS
    - DJIWidget
    - DronelinkCore
    - DronelinkCoreUI
    - DronelinkDJI
    - DronelinkDJIUI
    - Mapbox-iOS-SDK
    - MapboxMobileEvents
    - MaterialComponents
    - MDFInternationalization
    - MDFTextAccessibility
    - MotionAnimator
    - MotionInterchange
    - SnapKit

SPEC CHECKSUMS:
  DJI-SDK-iOS: dd421937079d101dee461eb5c311cb9d26404dd7
  DJI-UXSDK-iOS: 29948f571d2e6c0e3131eb93ea77a0e4582f1932
  DJIWidget: cc635356515eaac7e9698eb9b1b8c5764728e3c5
  DronelinkCore: 01c112b4e9af09a14c5e56ece0ee045f5a8f6759
  DronelinkCoreUI: ad2c7d45ede2509f8dbdd5652a9ef558ee0a074b
  DronelinkDJI: 2b8f1e60acb4537d5d1fcd943f67d76ba05332b0
  DronelinkDJIUI: b4b74d596dc3d3e0ed21c5e59e933f70c9afc01a
  Mapbox-iOS-SDK: 1b7cb0e739247d20ef75f5f14aa6ce34e1f0660f
  MapboxMobileEvents: 2bc0ca2eedb627b73cf403258dce2b2fa98074a6
  MaterialComponents: 52e2ade4684e3017eff7f62587b37522d217ea50
  MDFInternationalization: 010097556d6b09d2c4ea38e0820ea6d37be6a314
  MDFTextAccessibility: 85c09a1bd9c321f494348e632a25063bcda35a53
  MotionAnimator: ee16aa30567c5bae0fb2750c132915829cfaaf8a
  MotionInterchange: ead0e3ae1f3a5fb539e289debbc7ae036160a10d
  SnapKit: 97b92857e3df3a0c71833cce143274bf6ef8e5eb

PODFILE CHECKSUM: 9ebbfcd9983f832b95da8c9613dc42bb09194a8e

COCOAPODS: 1.9.1
